
Microsoft Visual Studio Solution File, Format Version 12.00
# Visual Studio Version 17
VisualStudioVersion = 17.6.33723.286
MinimumVisualStudioVersion = 10.0.40219.1
Project("{9A19103F-16F7-4668-BE54-9A1E7A4F7556}") = "Hotels_API", "Hotels_API\Hotels_API.csproj", "{DE03FF9C-1158-4B29-BF8C-AAA0C19E2FC3}"
EndProject
Project("{FAE04EC0-301F-11D3-BF4B-00C04F79EFBC}") = "Hotels_API.Tests", "Hotels_API.Tests\Hotels_API.Tests.csproj", "{C7AFD9B4-C3EE-4EF3-A1A7-C8E7A222350D}"
EndProject
Global
	GlobalSection(SolutionConfigurationPlatforms) = preSolution
		Debug|Any CPU = Debug|Any CPU
		Release|Any CPU = Release|Any CPU
	EndGlobalSection
	GlobalSection(ProjectConfigurationPlatforms) = postSolution
		{DE03FF9C-1158-4B29-BF8C-AAA0C19E2FC3}.Debug|Any CPU.ActiveCfg = Debug|Any CPU
		{DE03FF9C-1158-4B29-BF8C-AAA0C19E2FC3}.Debug|Any CPU.Build.0 = Debug|Any CPU
		{DE03FF9C-1158-4B29-BF8C-AAA0C19E2FC3}.Release|Any CPU.ActiveCfg = Release|Any CPU
		{DE03FF9C-1158-4B29-BF8C-AAA0C19E2FC3}.Release|Any CPU.Build.0 = Release|Any CPU
		{C7AFD9B4-C3EE-4EF3-A1A7-C8E7A222350D}.Debug|Any CPU.ActiveCfg = Debug|Any CPU
		{C7AFD9B4-C3EE-4EF3-A1A7-C8E7A222350D}.Debug|Any CPU.Build.0 = Debug|Any CPU
		{C7AFD9B4-C3EE-4EF3-A1A7-C8E7A222350D}.Release|Any CPU.ActiveCfg = Release|Any CPU
		{C7AFD9B4-C3EE-4EF3-A1A7-C8E7A222350D}.Release|Any CPU.Build.0 = Release|Any CPU
	EndGlobalSection
	GlobalSection(SolutionProperties) = preSolution
		HideSolutionNode = FALSE
	EndGlobalSection
	GlobalSection(ExtensibilityGlobals) = postSolution
		SolutionGuid = {87575F76-5A98-4CF4-B5EB-A9C1922A9701}
	EndGlobalSection
EndGlobal
